
Microsoft Visual Studio Solution File, Format Version 12.00
# Visual Studio Version 16
VisualStudioVersion = 16.0.31605.320
MinimumVisualStudioVersion = 10.0.40219.1
Project("{FAE04EC0-301F-11D3-BF4B-00C04F79EFBC}") = "ListTest_OTech", "ListTest_OTech.csproj", "{7D3C673D-A2FA-4853-AD22-56C87718C3A7}"
EndProject
Global
	GlobalSection(SolutionConfigurationPlatforms) = preSolution
		Debug|Any CPU = Debug|Any CPU
		Release|Any CPU = Release|Any CPU
	EndGlobalSection
	GlobalSection(ProjectConfigurationPlatforms) = postSolution
		{7D3C673D-A2FA-4853-AD22-56C87718C3A7}.Debug|Any CPU.ActiveCfg = Debug|Any CPU
		{7D3C673D-A2FA-4853-AD22-56C87718C3A7}.Debug|Any CPU.Build.0 = Debug|Any CPU
		{7D3C673D-A2FA-4853-AD22-56C87718C3A7}.Release|Any CPU.ActiveCfg = Release|Any CPU
		{7D3C673D-A2FA-4853-AD22-56C87718C3A7}.Release|Any CPU.Build.0 = Release|Any CPU
	EndGlobalSection
	GlobalSection(SolutionProperties) = preSolution
		HideSolutionNode = FALSE
	EndGlobalSection
	GlobalSection(ExtensibilityGlobals) = postSolution
		SolutionGuid = {808F534B-ABAF-4097-8435-21DF6608EDE5}
	EndGlobalSection
EndGlobal
